
Microsoft Visual Studio Solution File, Format Version 12.00
# Visual Studio Version 17
VisualStudioVersion = 17.6.33712.159
MinimumVisualStudioVersion = 10.0.40219.1
Project("{9A19103F-16F7-4668-BE54-9A1E7A4F7556}") = "HotelReservationSystem", "HotelReservationSystem\HotelReservationSystem.csproj", "{EBD6662D-8808-4BC9-A760-312393FA4468}"
EndProject
Project("{9A19103F-16F7-4668-BE54-9A1E7A4F7556}") = "TestConcepts_HotelReservationSystem", "TestConcepts_HotelReservationSystem\TestConcepts_HotelReservationSystem.csproj", "{51A01B20-31DC-4C16-A53D-094ED0407E9E}"
EndProject
Project("{FAE04EC0-301F-11D3-BF4B-00C04F79EFBC}") = "WpfTestApp", "WpfTestApp\WpfTestApp.csproj", "{2AEAB1D0-F180-4B55-87BA-59E783960C14}"
EndProject
Global
	GlobalSection(SolutionConfigurationPlatforms) = preSolution
		Debug|Any CPU = Debug|Any CPU
		Release|Any CPU = Release|Any CPU
	EndGlobalSection
	GlobalSection(ProjectConfigurationPlatforms) = postSolution
		{EBD6662D-8808-4BC9-A760-312393FA4468}.Debug|Any CPU.ActiveCfg = Debug|Any CPU
		{EBD6662D-8808-4BC9-A760-312393FA4468}.Debug|Any CPU.Build.0 = Debug|Any CPU
		{EBD6662D-8808-4BC9-A760-312393FA4468}.Release|Any CPU.ActiveCfg = Release|Any CPU
		{EBD6662D-8808-4BC9-A760-312393FA4468}.Release|Any CPU.Build.0 = Release|Any CPU
		{51A01B20-31DC-4C16-A53D-094ED0407E9E}.Debug|Any CPU.ActiveCfg = Debug|Any CPU
		{51A01B20-31DC-4C16-A53D-094ED0407E9E}.Debug|Any CPU.Build.0 = Debug|Any CPU
		{51A01B20-31DC-4C16-A53D-094ED0407E9E}.Release|Any CPU.ActiveCfg = Release|Any CPU
		{51A01B20-31DC-4C16-A53D-094ED0407E9E}.Release|Any CPU.Build.0 = Release|Any CPU
		{2AEAB1D0-F180-4B55-87BA-59E783960C14}.Debug|Any CPU.ActiveCfg = Debug|Any CPU
		{2AEAB1D0-F180-4B55-87BA-59E783960C14}.Debug|Any CPU.Build.0 = Debug|Any CPU
		{2AEAB1D0-F180-4B55-87BA-59E783960C14}.Release|Any CPU.ActiveCfg = Release|Any CPU
		{2AEAB1D0-F180-4B55-87BA-59E783960C14}.Release|Any CPU.Build.0 = Release|Any CPU
	EndGlobalSection
	GlobalSection(SolutionProperties) = preSolution
		HideSolutionNode = FALSE
	EndGlobalSection
	GlobalSection(ExtensibilityGlobals) = postSolution
		SolutionGuid = {DE714F56-0B6B-4C42-B001-608D3B2D2E58}
	EndGlobalSection
EndGlobal
